
Microsoft Visual Studio Solution File, Format Version 12.00
# Visual Studio 14
VisualStudioVersion = 14.0.25123.0
MinimumVisualStudioVersion = 10.0.40219.1
Project("{8BB2217D-0F2D-49D1-97BC-3654ED321F3B}") = "WarHub.Armoury.Model", "src\WarHub.Armoury.Model\WarHub.Armoury.Model.xproj", "{64425601-EF61-413F-81B5-AE538D630009}"
EndProject
Project("{8BB2217D-0F2D-49D1-97BC-3654ED321F3B}") = "WarHub.Armoury.Model.BattleScribeXml", "src\WarHub.Armoury.Model.BattleScribeXml\WarHub.Armoury.Model.BattleScribeXml.xproj", "{31C63724-B173-480B-BD3F-ACE0D3EC6402}"
EndProject
Project("{2150E333-8FDC-42A3-9474-1A3956D46DE8}") = "src", "src", "{6055CEFB-2A8B-45E3-B6D7-B9DB2A4FE612}"
EndProject
Project("{2150E333-8FDC-42A3-9474-1A3956D46DE8}") = "Solution Items", "Solution Items", "{A11F905B-21EA-4CB2-95CF-9FDCB7BE4AE2}"
	ProjectSection(SolutionItems) = preProject
		global.json = global.json
	EndProjectSection
EndProject
Project("{8BB2217D-0F2D-49D1-97BC-3654ED321F3B}") = "WarHub.Armoury.Model.BattleScribe", "src\WarHub.Armoury.Model.BattleScribe\WarHub.Armoury.Model.BattleScribe.xproj", "{C2BCEE91-D877-4289-938A-2346F050B2EA}"
EndProject
Project("{8BB2217D-0F2D-49D1-97BC-3654ED321F3B}") = "WarHub.Armoury.Model.BattleScribe.Files", "src\WarHub.Armoury.Model.BattleScribe.Files\WarHub.Armoury.Model.BattleScribe.Files.xproj", "{C2603F6B-0D06-4A31-96B2-54D05A168C46}"
EndProject
Project("{8BB2217D-0F2D-49D1-97BC-3654ED321F3B}") = "WarHub.Armoury.Model.EntryTree", "src\WarHub.Armoury.Model.EntryTree\WarHub.Armoury.Model.EntryTree.xproj", "{896768DC-DD36-4919-B51F-F717AF98D499}"
EndProject
Project("{8BB2217D-0F2D-49D1-97BC-3654ED321F3B}") = "WarHub.Armoury.Model.ModifierAppliers", "src\WarHub.Armoury.Model.ModifierAppliers\WarHub.Armoury.Model.ModifierAppliers.xproj", "{50701253-4BE7-4643-AEC0-12409D909911}"
EndProject
Project("{8BB2217D-0F2D-49D1-97BC-3654ED321F3B}") = "WarHub.Armoury.Model.Builders", "src\WarHub.Armoury.Model.Builders\WarHub.Armoury.Model.Builders.xproj", "{73E56A5D-5994-46A7-B9B6-C5597285A03F}"
EndProject
Project("{8BB2217D-0F2D-49D1-97BC-3654ED321F3B}") = "WarHub.Armoury.Model.ConditionResolvers", "src\WarHub.Armoury.Model.ConditionResolvers\WarHub.Armoury.Model.ConditionResolvers.xproj", "{8544F75A-BA49-4A13-91E7-90077786CE32}"
EndProject
Project("{8BB2217D-0F2D-49D1-97BC-3654ED321F3B}") = "WarHub.Armoury.Model.Builders.Implementations", "src\WarHub.Armoury.Model.Builders.Implementations\WarHub.Armoury.Model.Builders.Implementations.xproj", "{5DAA1823-38CC-4595-BBEF-2FB467EABD83}"
EndProject
Project("{8BB2217D-0F2D-49D1-97BC-3654ED321F3B}") = "WarHub.Armoury.Model.DataAccess", "src\WarHub.Armoury.Model.DataAccess\WarHub.Armoury.Model.DataAccess.xproj", "{ABB37C29-C44B-4ABB-9E2D-963472E1B08B}"
EndProject
Project("{8BB2217D-0F2D-49D1-97BC-3654ED321F3B}") = "WarHub.Armoury.Model.DataAccess.Autofac", "src\WarHub.Armoury.Model.DataAccess.Autofac\WarHub.Armoury.Model.DataAccess.Autofac.xproj", "{901D8292-D6E1-472D-A413-91C599D823F2}"
EndProject
Project("{2150E333-8FDC-42A3-9474-1A3956D46DE8}") = "tests", "tests", "{8C4E7D04-65AF-421E-9432-7741ADAF4714}"
EndProject
Project("{8BB2217D-0F2D-49D1-97BC-3654ED321F3B}") = "WarHub.Armoury.Model.BattleScribe.FilesTests", "tests\WarHub.Armoury.Model.BattleScribe.FilesTests\WarHub.Armoury.Model.BattleScribe.FilesTests.xproj", "{FEDAC8AF-2D01-4C3A-837A-01C58A14523D}"
EndProject
Project("{8BB2217D-0F2D-49D1-97BC-3654ED321F3B}") = "WarHub.Armoury.Model.BattleScribeTests", "tests\WarHub.Armoury.Model.BattleScribeTests\WarHub.Armoury.Model.BattleScribeTests.xproj", "{A72E448C-75FE-47A6-9D04-9D3541325C5E}"
EndProject
Project("{8BB2217D-0F2D-49D1-97BC-3654ED321F3B}") = "WarHub.Armoury.Model.BattleScribeXmlTests", "tests\WarHub.Armoury.Model.BattleScribeXmlTests\WarHub.Armoury.Model.BattleScribeXmlTests.xproj", "{1AD9D659-A39C-4333-90D2-C4D53D34828E}"
EndProject
Project("{8BB2217D-0F2D-49D1-97BC-3654ED321F3B}") = "WarHub.Armoury.Model.ConditionResolversTests", "tests\WarHub.Armoury.Model.ConditionResolversTests\WarHub.Armoury.Model.ConditionResolversTests.xproj", "{EB4B0183-5FF4-4CD3-86D8-5A89C492DBA3}"
EndProject
Project("{8BB2217D-0F2D-49D1-97BC-3654ED321F3B}") = "WarHub.Armoury.Model.EntryTreeTests", "tests\WarHub.Armoury.Model.EntryTreeTests\WarHub.Armoury.Model.EntryTreeTests.xproj", "{18234E6C-1262-4F2B-BD55-C081450F8D5E}"
EndProject
Global
	GlobalSection(SolutionConfigurationPlatforms) = preSolution
		Debug|Any CPU = Debug|Any CPU
		Debug|ARM = Debug|ARM
		Debug|x64 = Debug|x64
		Debug|x86 = Debug|x86
		Release|Any CPU = Release|Any CPU
		Release|ARM = Release|ARM
		Release|x64 = Release|x64
		Release|x86 = Release|x86
	EndGlobalSection
	GlobalSection(ProjectConfigurationPlatforms) = postSolution
		{64425601-EF61-413F-81B5-AE538D630009}.Debug|Any CPU.ActiveCfg = Debug|Any CPU
		{64425601-EF61-413F-81B5-AE538D630009}.Debug|Any CPU.Build.0 = Debug|Any CPU
		{64425601-EF61-413F-81B5-AE538D630009}.Debug|ARM.ActiveCfg = Debug|Any CPU
		{64425601-EF61-413F-81B5-AE538D630009}.Debug|ARM.Build.0 = Debug|Any CPU
		{64425601-EF61-413F-81B5-AE538D630009}.Debug|x64.ActiveCfg = Debug|Any CPU
		{64425601-EF61-413F-81B5-AE538D630009}.Debug|x64.Build.0 = Debug|Any CPU
		{64425601-EF61-413F-81B5-AE538D630009}.Debug|x86.ActiveCfg = Debug|Any CPU
		{64425601-EF61-413F-81B5-AE538D630009}.Debug|x86.Build.0 = Debug|Any CPU
		{64425601-EF61-413F-81B5-AE538D630009}.Release|Any CPU.ActiveCfg = Release|Any CPU
		{64425601-EF61-413F-81B5-AE538D630009}.Release|Any CPU.Build.0 = Release|Any CPU
		{64425601-EF61-413F-81B5-AE538D630009}.Release|ARM.ActiveCfg = Release|Any CPU
		{64425601-EF61-413F-81B5-AE538D630009}.Release|ARM.Build.0 = Release|Any CPU
		{64425601-EF61-413F-81B5-AE538D630009}.Release|x64.ActiveCfg = Release|Any CPU
		{64425601-EF61-413F-81B5-AE538D630009}.Release|x64.Build.0 = Release|Any CPU
		{64425601-EF61-413F-81B5-AE538D630009}.Release|x86.ActiveCfg = Release|Any CPU
		{64425601-EF61-413F-81B5-AE538D630009}.Release|x86.Build.0 = Release|Any CPU
		{31C63724-B173-480B-BD3F-ACE0D3EC6402}.Debug|Any CPU.ActiveCfg = Debug|Any CPU
		{31C63724-B173-480B-BD3F-ACE0D3EC6402}.Debug|Any CPU.Build.0 = Debug|Any CPU
		{31C63724-B173-480B-BD3F-ACE0D3EC6402}.Debug|ARM.ActiveCfg = Debug|Any CPU
		{31C63724-B173-480B-BD3F-ACE0D3EC6402}.Debug|ARM.Build.0 = Debug|Any CPU
		{31C63724-B173-480B-BD3F-ACE0D3EC6402}.Debug|x64.ActiveCfg = Debug|Any CPU
		{31C63724-B173-480B-BD3F-ACE0D3EC6402}.Debug|x64.Build.0 = Debug|Any CPU
		{31C63724-B173-480B-BD3F-ACE0D3EC6402}.Debug|x86.ActiveCfg = Debug|Any CPU
		{31C63724-B173-480B-BD3F-ACE0D3EC6402}.Debug|x86.Build.0 = Debug|Any CPU
		{31C63724-B173-480B-BD3F-ACE0D3EC6402}.Release|Any CPU.ActiveCfg = Release|Any CPU
		{31C63724-B173-480B-BD3F-ACE0D3EC6402}.Release|Any CPU.Build.0 = Release|Any CPU
		{31C63724-B173-480B-BD3F-ACE0D3EC6402}.Release|ARM.ActiveCfg = Release|Any CPU
		{31C63724-B173-480B-BD3F-ACE0D3EC6402}.Release|ARM.Build.0 = Release|Any CPU
		{31C63724-B173-480B-BD3F-ACE0D3EC6402}.Release|x64.ActiveCfg = Release|Any CPU
		{31C63724-B173-480B-BD3F-ACE0D3EC6402}.Release|x64.Build.0 = Release|Any CPU
		{31C63724-B173-480B-BD3F-ACE0D3EC6402}.Release|x86.ActiveCfg = Release|Any CPU
		{31C63724-B173-480B-BD3F-ACE0D3EC6402}.Release|x86.Build.0 = Release|Any CPU
		{C2BCEE91-D877-4289-938A-2346F050B2EA}.Debug|Any CPU.ActiveCfg = Debug|Any CPU
		{C2BCEE91-D877-4289-938A-2346F050B2EA}.Debug|Any CPU.Build.0 = Debug|Any CPU
		{C2BCEE91-D877-4289-938A-2346F050B2EA}.Debug|ARM.ActiveCfg = Debug|Any CPU
		{C2BCEE91-D877-4289-938A-2346F050B2EA}.Debug|ARM.Build.0 = Debug|Any CPU
		{C2BCEE91-D877-4289-938A-2346F050B2EA}.Debug|x64.ActiveCfg = Debug|Any CPU
		{C2BCEE91-D877-4289-938A-2346F050B2EA}.Debug|x64.Build.0 = Debug|Any CPU
		{C2BCEE91-D877-4289-938A-2346F050B2EA}.Debug|x86.ActiveCfg = Debug|Any CPU
		{C2BCEE91-D877-4289-938A-2346F050B2EA}.Debug|x86.Build.0 = Debug|Any CPU
		{C2BCEE91-D877-4289-938A-2346F050B2EA}.Release|Any CPU.ActiveCfg = Release|Any CPU
		{C2BCEE91-D877-4289-938A-2346F050B2EA}.Release|Any CPU.Build.0 = Release|Any CPU
		{C2BCEE91-D877-4289-938A-2346F050B2EA}.Release|ARM.ActiveCfg = Release|Any CPU
		{C2BCEE91-D877-4289-938A-2346F050B2EA}.Release|ARM.Build.0 = Release|Any CPU
		{C2BCEE91-D877-4289-938A-2346F050B2EA}.Release|x64.ActiveCfg = Release|Any CPU
		{C2BCEE91-D877-4289-938A-2346F050B2EA}.Release|x64.Build.0 = Release|Any CPU
		{C2BCEE91-D877-4289-938A-2346F050B2EA}.Release|x86.ActiveCfg = Release|Any CPU
		{C2BCEE91-D877-4289-938A-2346F050B2EA}.Release|x86.Build.0 = Release|Any CPU
		{C2603F6B-0D06-4A31-96B2-54D05A168C46}.Debug|Any CPU.ActiveCfg = Debug|Any CPU
		{C2603F6B-0D06-4A31-96B2-54D05A168C46}.Debug|Any CPU.Build.0 = Debug|Any CPU
		{C2603F6B-0D06-4A31-96B2-54D05A168C46}.Debug|ARM.ActiveCfg = Debug|Any CPU
		{C2603F6B-0D06-4A31-96B2-54D05A168C46}.Debug|ARM.Build.0 = Debug|Any CPU
		{C2603F6B-0D06-4A31-96B2-54D05A168C46}.Debug|x64.ActiveCfg = Debug|Any CPU
		{C2603F6B-0D06-4A31-96B2-54D05A168C46}.Debug|x64.Build.0 = Debug|Any CPU
		{C2603F6B-0D06-4A31-96B2-54D05A168C46}.Debug|x86.ActiveCfg = Debug|Any CPU
		{C2603F6B-0D06-4A31-96B2-54D05A168C46}.Debug|x86.Build.0 = Debug|Any CPU
		{C2603F6B-0D06-4A31-96B2-54D05A168C46}.Release|Any CPU.ActiveCfg = Release|Any CPU
		{C2603F6B-0D06-4A31-96B2-54D05A168C46}.Release|Any CPU.Build.0 = Release|Any CPU
		{C2603F6B-0D06-4A31-96B2-54D05A168C46}.Release|ARM.ActiveCfg = Release|Any CPU
		{C2603F6B-0D06-4A31-96B2-54D05A168C46}.Release|ARM.Build.0 = Release|Any CPU
		{C2603F6B-0D06-4A31-96B2-54D05A168C46}.Release|x64.ActiveCfg = Release|Any CPU
		{C2603F6B-0D06-4A31-96B2-54D05A168C46}.Release|x64.Build.0 = Release|Any CPU
		{C2603F6B-0D06-4A31-96B2-54D05A168C46}.Release|x86.ActiveCfg = Release|Any CPU
		{C2603F6B-0D06-4A31-96B2-54D05A168C46}.Release|x86.Build.0 = Release|Any CPU
		{896768DC-DD36-4919-B51F-F717AF98D499}.Debug|Any CPU.ActiveCfg = Debug|Any CPU
		{896768DC-DD36-4919-B51F-F717AF98D499}.Debug|Any CPU.Build.0 = Debug|Any CPU
		{896768DC-DD36-4919-B51F-F717AF98D499}.Debug|ARM.ActiveCfg = Debug|Any CPU
		{896768DC-DD36-4919-B51F-F717AF98D499}.Debug|ARM.Build.0 = Debug|Any CPU
		{896768DC-DD36-4919-B51F-F717AF98D499}.Debug|x64.ActiveCfg = Debug|Any CPU
		{896768DC-DD36-4919-B51F-F717AF98D499}.Debug|x64.Build.0 = Debug|Any CPU
		{896768DC-DD36-4919-B51F-F717AF98D499}.Debug|x86.ActiveCfg = Debug|Any CPU
		{896768DC-DD36-4919-B51F-F717AF98D499}.Debug|x86.Build.0 = Debug|Any CPU
		{896768DC-DD36-4919-B51F-F717AF98D499}.Release|Any CPU.ActiveCfg = Release|Any CPU
		{896768DC-DD36-4919-B51F-F717AF98D499}.Release|Any CPU.Build.0 = Release|Any CPU
		{896768DC-DD36-4919-B51F-F717AF98D499}.Release|ARM.ActiveCfg = Release|Any CPU
		{896768DC-DD36-4919-B51F-F717AF98D499}.Release|ARM.Build.0 = Release|Any CPU
		{896768DC-DD36-4919-B51F-F717AF98D499}.Release|x64.ActiveCfg = Release|Any CPU
		{896768DC-DD36-4919-B51F-F717AF98D499}.Release|x64.Build.0 = Release|Any CPU
		{896768DC-DD36-4919-B51F-F717AF98D499}.Release|x86.ActiveCfg = Release|Any CPU
		{896768DC-DD36-4919-B51F-F717AF98D499}.Release|x86.Build.0 = Release|Any CPU
		{50701253-4BE7-4643-AEC0-12409D909911}.Debug|Any CPU.ActiveCfg = Debug|Any CPU
		{50701253-4BE7-4643-AEC0-12409D909911}.Debug|Any CPU.Build.0 = Debug|Any CPU
		{50701253-4BE7-4643-AEC0-12409D909911}.Debug|ARM.ActiveCfg = Debug|Any CPU
		{50701253-4BE7-4643-AEC0-12409D909911}.Debug|ARM.Build.0 = Debug|Any CPU
		{50701253-4BE7-4643-AEC0-12409D909911}.Debug|x64.ActiveCfg = Debug|Any CPU
		{50701253-4BE7-4643-AEC0-12409D909911}.Debug|x64.Build.0 = Debug|Any CPU
		{50701253-4BE7-4643-AEC0-12409D909911}.Debug|x86.ActiveCfg = Debug|Any CPU
		{50701253-4BE7-4643-AEC0-12409D909911}.Debug|x86.Build.0 = Debug|Any CPU
		{50701253-4BE7-4643-AEC0-12409D909911}.Release|Any CPU.ActiveCfg = Release|Any CPU
		{50701253-4BE7-4643-AEC0-12409D909911}.Release|Any CPU.Build.0 = Release|Any CPU
		{50701253-4BE7-4643-AEC0-12409D909911}.Release|ARM.ActiveCfg = Release|Any CPU
		{50701253-4BE7-4643-AEC0-12409D909911}.Release|ARM.Build.0 = Release|Any CPU
		{50701253-4BE7-4643-AEC0-12409D909911}.Release|x64.ActiveCfg = Release|Any CPU
		{50701253-4BE7-4643-AEC0-12409D909911}.Release|x64.Build.0 = Release|Any CPU
		{50701253-4BE7-4643-AEC0-12409D909911}.Release|x86.ActiveCfg = Release|Any CPU
		{50701253-4BE7-4643-AEC0-12409D909911}.Release|x86.Build.0 = Release|Any CPU
		{73E56A5D-5994-46A7-B9B6-C5597285A03F}.Debug|Any CPU.ActiveCfg = Debug|Any CPU
		{73E56A5D-5994-46A7-B9B6-C5597285A03F}.Debug|Any CPU.Build.0 = Debug|Any CPU
		{73E56A5D-5994-46A7-B9B6-C5597285A03F}.Debug|ARM.ActiveCfg = Debug|Any CPU
		{73E56A5D-5994-46A7-B9B6-C5597285A03F}.Debug|ARM.Build.0 = Debug|Any CPU
		{73E56A5D-5994-46A7-B9B6-C5597285A03F}.Debug|x64.ActiveCfg = Debug|Any CPU
		{73E56A5D-5994-46A7-B9B6-C5597285A03F}.Debug|x64.Build.0 = Debug|Any CPU
		{73E56A5D-5994-46A7-B9B6-C5597285A03F}.Debug|x86.ActiveCfg = Debug|Any CPU
		{73E56A5D-5994-46A7-B9B6-C5597285A03F}.Debug|x86.Build.0 = Debug|Any CPU
		{73E56A5D-5994-46A7-B9B6-C5597285A03F}.Release|Any CPU.ActiveCfg = Release|Any CPU
		{73E56A5D-5994-46A7-B9B6-C5597285A03F}.Release|Any CPU.Build.0 = Release|Any CPU
		{73E56A5D-5994-46A7-B9B6-C5597285A03F}.Release|ARM.ActiveCfg = Release|Any CPU
		{73E56A5D-5994-46A7-B9B6-C5597285A03F}.Release|ARM.Build.0 = Release|Any CPU
		{73E56A5D-5994-46A7-B9B6-C5597285A03F}.Release|x64.ActiveCfg = Release|Any CPU
		{73E56A5D-5994-46A7-B9B6-C5597285A03F}.Release|x64.Build.0 = Release|Any CPU
		{73E56A5D-5994-46A7-B9B6-C5597285A03F}.Release|x86.ActiveCfg = Release|Any CPU
		{73E56A5D-5994-46A7-B9B6-C5597285A03F}.Release|x86.Build.0 = Release|Any CPU
		{8544F75A-BA49-4A13-91E7-90077786CE32}.Debug|Any CPU.ActiveCfg = Debug|Any CPU
		{8544F75A-BA49-4A13-91E7-90077786CE32}.Debug|Any CPU.Build.0 = Debug|Any CPU
		{8544F75A-BA49-4A13-91E7-90077786CE32}.Debug|ARM.ActiveCfg = Debug|Any CPU
		{8544F75A-BA49-4A13-91E7-90077786CE32}.Debug|ARM.Build.0 = Debug|Any CPU
		{8544F75A-BA49-4A13-91E7-90077786CE32}.Debug|x64.ActiveCfg = Debug|Any CPU
		{8544F75A-BA49-4A13-91E7-90077786CE32}.Debug|x64.Build.0 = Debug|Any CPU
		{8544F75A-BA49-4A13-91E7-90077786CE32}.Debug|x86.ActiveCfg = Debug|Any CPU
		{8544F75A-BA49-4A13-91E7-90077786CE32}.Debug|x86.Build.0 = Debug|Any CPU
		{8544F75A-BA49-4A13-91E7-90077786CE32}.Release|Any CPU.ActiveCfg = Release|Any CPU
		{8544F75A-BA49-4A13-91E7-90077786CE32}.Release|Any CPU.Build.0 = Release|Any CPU
		{8544F75A-BA49-4A13-91E7-90077786CE32}.Release|ARM.ActiveCfg = Release|Any CPU
		{8544F75A-BA49-4A13-91E7-90077786CE32}.Release|ARM.Build.0 = Release|Any CPU
		{8544F75A-BA49-4A13-91E7-90077786CE32}.Release|x64.ActiveCfg = Release|Any CPU
		{8544F75A-BA49-4A13-91E7-90077786CE32}.Release|x64.Build.0 = Release|Any CPU
		{8544F75A-BA49-4A13-91E7-90077786CE32}.Release|x86.ActiveCfg = Release|Any CPU
		{8544F75A-BA49-4A13-91E7-90077786CE32}.Release|x86.Build.0 = Release|Any CPU
		{5DAA1823-38CC-4595-BBEF-2FB467EABD83}.Debug|Any CPU.ActiveCfg = Debug|Any CPU
		{5DAA1823-38CC-4595-BBEF-2FB467EABD83}.Debug|Any CPU.Build.0 = Debug|Any CPU
		{5DAA1823-38CC-4595-BBEF-2FB467EABD83}.Debug|ARM.ActiveCfg = Debug|Any CPU
		{5DAA1823-38CC-4595-BBEF-2FB467EABD83}.Debug|ARM.Build.0 = Debug|Any CPU
		{5DAA1823-38CC-4595-BBEF-2FB467EABD83}.Debug|x64.ActiveCfg = Debug|Any CPU
		{5DAA1823-38CC-4595-BBEF-2FB467EABD83}.Debug|x64.Build.0 = Debug|Any CPU
		{5DAA1823-38CC-4595-BBEF-2FB467EABD83}.Debug|x86.ActiveCfg = Debug|Any CPU
		{5DAA1823-38CC-4595-BBEF-2FB467EABD83}.Debug|x86.Build.0 = Debug|Any CPU
		{5DAA1823-38CC-4595-BBEF-2FB467EABD83}.Release|Any CPU.ActiveCfg = Release|Any CPU
		{5DAA1823-38CC-4595-BBEF-2FB467EABD83}.Release|Any CPU.Build.0 = Release|Any CPU
		{5DAA1823-38CC-4595-BBEF-2FB467EABD83}.Release|ARM.ActiveCfg = Release|Any CPU
		{5DAA1823-38CC-4595-BBEF-2FB467EABD83}.Release|ARM.Build.0 = Release|Any CPU
		{5DAA1823-38CC-4595-BBEF-2FB467EABD83}.Release|x64.ActiveCfg = Release|Any CPU
		{5DAA1823-38CC-4595-BBEF-2FB467EABD83}.Release|x64.Build.0 = Release|Any CPU
		{5DAA1823-38CC-4595-BBEF-2FB467EABD83}.Release|x86.ActiveCfg = Release|Any CPU
		{5DAA1823-38CC-4595-BBEF-2FB467EABD83}.Release|x86.Build.0 = Release|Any CPU
		{ABB37C29-C44B-4ABB-9E2D-963472E1B08B}.Debug|Any CPU.ActiveCfg = Debug|Any CPU
		{ABB37C29-C44B-4ABB-9E2D-963472E1B08B}.Debug|Any CPU.Build.0 = Debug|Any CPU
		{ABB37C29-C44B-4ABB-9E2D-963472E1B08B}.Debug|ARM.ActiveCfg = Debug|Any CPU
		{ABB37C29-C44B-4ABB-9E2D-963472E1B08B}.Debug|ARM.Build.0 = Debug|Any CPU
		{ABB37C29-C44B-4ABB-9E2D-963472E1B08B}.Debug|x64.ActiveCfg = Debug|Any CPU
		{ABB37C29-C44B-4ABB-9E2D-963472E1B08B}.Debug|x64.Build.0 = Debug|Any CPU
		{ABB37C29-C44B-4ABB-9E2D-963472E1B08B}.Debug|x86.ActiveCfg = Debug|Any CPU
		{ABB37C29-C44B-4ABB-9E2D-963472E1B08B}.Debug|x86.Build.0 = Debug|Any CPU
		{ABB37C29-C44B-4ABB-9E2D-963472E1B08B}.Release|Any CPU.ActiveCfg = Release|Any CPU
		{ABB37C29-C44B-4ABB-9E2D-963472E1B08B}.Release|Any CPU.Build.0 = Release|Any CPU
		{ABB37C29-C44B-4ABB-9E2D-963472E1B08B}.Release|ARM.ActiveCfg = Release|Any CPU
		{ABB37C29-C44B-4ABB-9E2D-963472E1B08B}.Release|ARM.Build.0 = Release|Any CPU
		{ABB37C29-C44B-4ABB-9E2D-963472E1B08B}.Release|x64.ActiveCfg = Release|Any CPU
		{ABB37C29-C44B-4ABB-9E2D-963472E1B08B}.Release|x64.Build.0 = Release|Any CPU
		{ABB37C29-C44B-4ABB-9E2D-963472E1B08B}.Release|x86.ActiveCfg = Release|Any CPU
		{ABB37C29-C44B-4ABB-9E2D-963472E1B08B}.Release|x86.Build.0 = Release|Any CPU
		{901D8292-D6E1-472D-A413-91C599D823F2}.Debug|Any CPU.ActiveCfg = Debug|Any CPU
		{901D8292-D6E1-472D-A413-91C599D823F2}.Debug|Any CPU.Build.0 = Debug|Any CPU
		{901D8292-D6E1-472D-A413-91C599D823F2}.Debug|ARM.ActiveCfg = Debug|Any CPU
		{901D8292-D6E1-472D-A413-91C599D823F2}.Debug|ARM.Build.0 = Debug|Any CPU
		{901D8292-D6E1-472D-A413-91C599D823F2}.Debug|x64.ActiveCfg = Debug|Any CPU
		{901D8292-D6E1-472D-A413-91C599D823F2}.Debug|x64.Build.0 = Debug|Any CPU
		{901D8292-D6E1-472D-A413-91C599D823F2}.Debug|x86.ActiveCfg = Debug|Any CPU
		{901D8292-D6E1-472D-A413-91C599D823F2}.Debug|x86.Build.0 = Debug|Any CPU
		{901D8292-D6E1-472D-A413-91C599D823F2}.Release|Any CPU.ActiveCfg = Release|Any CPU
		{901D8292-D6E1-472D-A413-91C599D823F2}.Release|Any CPU.Build.0 = Release|Any CPU
		{901D8292-D6E1-472D-A413-91C599D823F2}.Release|ARM.ActiveCfg = Release|Any CPU
		{901D8292-D6E1-472D-A413-91C599D823F2}.Release|ARM.Build.0 = Release|Any CPU
		{901D8292-D6E1-472D-A413-91C599D823F2}.Release|x64.ActiveCfg = Release|Any CPU
		{901D8292-D6E1-472D-A413-91C599D823F2}.Release|x64.Build.0 = Release|Any CPU
		{901D8292-D6E1-472D-A413-91C599D823F2}.Release|x86.ActiveCfg = Release|Any CPU
		{901D8292-D6E1-472D-A413-91C599D823F2}.Release|x86.Build.0 = Release|Any CPU
		{FEDAC8AF-2D01-4C3A-837A-01C58A14523D}.Debug|Any CPU.ActiveCfg = Debug|Any CPU
		{FEDAC8AF-2D01-4C3A-837A-01C58A14523D}.Debug|Any CPU.Build.0 = Debug|Any CPU
		{FEDAC8AF-2D01-4C3A-837A-01C58A14523D}.Debug|ARM.ActiveCfg = Debug|Any CPU
		{FEDAC8AF-2D01-4C3A-837A-01C58A14523D}.Debug|ARM.Build.0 = Debug|Any CPU
		{FEDAC8AF-2D01-4C3A-837A-01C58A14523D}.Debug|x64.ActiveCfg = Debug|Any CPU
		{FEDAC8AF-2D01-4C3A-837A-01C58A14523D}.Debug|x64.Build.0 = Debug|Any CPU
		{FEDAC8AF-2D01-4C3A-837A-01C58A14523D}.Debug|x86.ActiveCfg = Debug|Any CPU
		{FEDAC8AF-2D01-4C3A-837A-01C58A14523D}.Debug|x86.Build.0 = Debug|Any CPU
		{FEDAC8AF-2D01-4C3A-837A-01C58A14523D}.Release|Any CPU.ActiveCfg = Release|Any CPU
		{FEDAC8AF-2D01-4C3A-837A-01C58A14523D}.Release|Any CPU.Build.0 = Release|Any CPU
		{FEDAC8AF-2D01-4C3A-837A-01C58A14523D}.Release|ARM.ActiveCfg = Release|Any CPU
		{FEDAC8AF-2D01-4C3A-837A-01C58A14523D}.Release|ARM.Build.0 = Release|Any CPU
		{FEDAC8AF-2D01-4C3A-837A-01C58A14523D}.Release|x64.ActiveCfg = Release|Any CPU
		{FEDAC8AF-2D01-4C3A-837A-01C58A14523D}.Release|x64.Build.0 = Release|Any CPU
		{FEDAC8AF-2D01-4C3A-837A-01C58A14523D}.Release|x86.ActiveCfg = Release|Any CPU
		{FEDAC8AF-2D01-4C3A-837A-01C58A14523D}.Release|x86.Build.0 = Release|Any CPU
		{A72E448C-75FE-47A6-9D04-9D3541325C5E}.Debug|Any CPU.ActiveCfg = Debug|Any CPU
		{A72E448C-75FE-47A6-9D04-9D3541325C5E}.Debug|Any CPU.Build.0 = Debug|Any CPU
		{A72E448C-75FE-47A6-9D04-9D3541325C5E}.Debug|ARM.ActiveCfg = Debug|Any CPU
		{A72E448C-75FE-47A6-9D04-9D3541325C5E}.Debug|ARM.Build.0 = Debug|Any CPU
		{A72E448C-75FE-47A6-9D04-9D3541325C5E}.Debug|x64.ActiveCfg = Debug|Any CPU
		{A72E448C-75FE-47A6-9D04-9D3541325C5E}.Debug|x64.Build.0 = Debug|Any CPU
		{A72E448C-75FE-47A6-9D04-9D3541325C5E}.Debug|x86.ActiveCfg = Debug|Any CPU
		{A72E448C-75FE-47A6-9D04-9D3541325C5E}.Debug|x86.Build.0 = Debug|Any CPU
		{A72E448C-75FE-47A6-9D04-9D3541325C5E}.Release|Any CPU.ActiveCfg = Release|Any CPU
		{A72E448C-75FE-47A6-9D04-9D3541325C5E}.Release|Any CPU.Build.0 = Release|Any CPU
		{A72E448C-75FE-47A6-9D04-9D3541325C5E}.Release|ARM.ActiveCfg = Release|Any CPU
		{A72E448C-75FE-47A6-9D04-9D3541325C5E}.Release|ARM.Build.0 = Release|Any CPU
		{A72E448C-75FE-47A6-9D04-9D3541325C5E}.Release|x64.ActiveCfg = Release|Any CPU
		{A72E448C-75FE-47A6-9D04-9D3541325C5E}.Release|x64.Build.0 = Release|Any CPU
		{A72E448C-75FE-47A6-9D04-9D3541325C5E}.Release|x86.ActiveCfg = Release|Any CPU
		{A72E448C-75FE-47A6-9D04-9D3541325C5E}.Release|x86.Build.0 = Release|Any CPU
		{1AD9D659-A39C-4333-90D2-C4D53D34828E}.Debug|Any CPU.ActiveCfg = Debug|Any CPU
		{1AD9D659-A39C-4333-90D2-C4D53D34828E}.Debug|Any CPU.Build.0 = Debug|Any CPU
		{1AD9D659-A39C-4333-90D2-C4D53D34828E}.Debug|ARM.ActiveCfg = Debug|Any CPU
		{1AD9D659-A39C-4333-90D2-C4D53D34828E}.Debug|ARM.Build.0 = Debug|Any CPU
		{1AD9D659-A39C-4333-90D2-C4D53D34828E}.Debug|x64.ActiveCfg = Debug|Any CPU
		{1AD9D659-A39C-4333-90D2-C4D53D34828E}.Debug|x64.Build.0 = Debug|Any CPU
		{1AD9D659-A39C-4333-90D2-C4D53D34828E}.Debug|x86.ActiveCfg = Debug|Any CPU
		{1AD9D659-A39C-4333-90D2-C4D53D34828E}.Debug|x86.Build.0 = Debug|Any CPU
		{1AD9D659-A39C-4333-90D2-C4D53D34828E}.Release|Any CPU.ActiveCfg = Release|Any CPU
		{1AD9D659-A39C-4333-90D2-C4D53D34828E}.Release|Any CPU.Build.0 = Release|Any CPU
		{1AD9D659-A39C-4333-90D2-C4D53D34828E}.Release|ARM.ActiveCfg = Release|Any CPU
		{1AD9D659-A39C-4333-90D2-C4D53D34828E}.Release|ARM.Build.0 = Release|Any CPU
		{1AD9D659-A39C-4333-90D2-C4D53D34828E}.Release|x64.ActiveCfg = Release|Any CPU
		{1AD9D659-A39C-4333-90D2-C4D53D34828E}.Release|x64.Build.0 = Release|Any CPU
		{1AD9D659-A39C-4333-90D2-C4D53D34828E}.Release|x86.ActiveCfg = Release|Any CPU
		{1AD9D659-A39C-4333-90D2-C4D53D34828E}.Release|x86.Build.0 = Release|Any CPU
		{EB4B0183-5FF4-4CD3-86D8-5A89C492DBA3}.Debug|Any CPU.ActiveCfg = Debug|Any CPU
		{EB4B0183-5FF4-4CD3-86D8-5A89C492DBA3}.Debug|Any CPU.Build.0 = Debug|Any CPU
		{EB4B0183-5FF4-4CD3-86D8-5A89C492DBA3}.Debug|ARM.ActiveCfg = Debug|Any CPU
		{EB4B0183-5FF4-4CD3-86D8-5A89C492DBA3}.Debug|ARM.Build.0 = Debug|Any CPU
		{EB4B0183-5FF4-4CD3-86D8-5A89C492DBA3}.Debug|x64.ActiveCfg = Debug|Any CPU
		{EB4B0183-5FF4-4CD3-86D8-5A89C492DBA3}.Debug|x64.Build.0 = Debug|Any CPU
		{EB4B0183-5FF4-4CD3-86D8-5A89C492DBA3}.Debug|x86.ActiveCfg = Debug|Any CPU
		{EB4B0183-5FF4-4CD3-86D8-5A89C492DBA3}.Debug|x86.Build.0 = Debug|Any CPU
		{EB4B0183-5FF4-4CD3-86D8-5A89C492DBA3}.Release|Any CPU.ActiveCfg = Release|Any CPU
		{EB4B0183-5FF4-4CD3-86D8-5A89C492DBA3}.Release|Any CPU.Build.0 = Release|Any CPU
		{EB4B0183-5FF4-4CD3-86D8-5A89C492DBA3}.Release|ARM.ActiveCfg = Release|Any CPU
		{EB4B0183-5FF4-4CD3-86D8-5A89C492DBA3}.Release|ARM.Build.0 = Release|Any CPU
		{EB4B0183-5FF4-4CD3-86D8-5A89C492DBA3}.Release|x64.ActiveCfg = Release|Any CPU
		{EB4B0183-5FF4-4CD3-86D8-5A89C492DBA3}.Release|x64.Build.0 = Release|Any CPU
		{EB4B0183-5FF4-4CD3-86D8-5A89C492DBA3}.Release|x86.ActiveCfg = Release|Any CPU
		{EB4B0183-5FF4-4CD3-86D8-5A89C492DBA3}.Release|x86.Build.0 = Release|Any CPU
		{18234E6C-1262-4F2B-BD55-C081450F8D5E}.Debug|Any CPU.ActiveCfg = Debug|Any CPU
		{18234E6C-1262-4F2B-BD55-C081450F8D5E}.Debug|Any CPU.Build.0 = Debug|Any CPU
		{18234E6C-1262-4F2B-BD55-C081450F8D5E}.Debug|ARM.ActiveCfg = Debug|Any CPU
		{18234E6C-1262-4F2B-BD55-C081450F8D5E}.Debug|ARM.Build.0 = Debug|Any CPU
		{18234E6C-1262-4F2B-BD55-C081450F8D5E}.Debug|x64.ActiveCfg = Debug|Any CPU
		{18234E6C-1262-4F2B-BD55-C081450F8D5E}.Debug|x64.Build.0 = Debug|Any CPU
		{18234E6C-1262-4F2B-BD55-C081450F8D5E}.Debug|x86.ActiveCfg = Debug|Any CPU
		{18234E6C-1262-4F2B-BD55-C081450F8D5E}.Debug|x86.Build.0 = Debug|Any CPU
		{18234E6C-1262-4F2B-BD55-C081450F8D5E}.Release|Any CPU.ActiveCfg = Release|Any CPU
		{18234E6C-1262-4F2B-BD55-C081450F8D5E}.Release|Any CPU.Build.0 = Release|Any CPU
		{18234E6C-1262-4F2B-BD55-C081450F8D5E}.Release|ARM.ActiveCfg = Release|Any CPU
		{18234E6C-1262-4F2B-BD55-C081450F8D5E}.Release|ARM.Build.0 = Release|Any CPU
		{18234E6C-1262-4F2B-BD55-C081450F8D5E}.Release|x64.ActiveCfg = Release|Any CPU
		{18234E6C-1262-4F2B-BD55-C081450F8D5E}.Release|x64.Build.0 = Release|Any CPU
		{18234E6C-1262-4F2B-BD55-C081450F8D5E}.Release|x86.ActiveCfg = Release|Any CPU
		{18234E6C-1262-4F2B-BD55-C081450F8D5E}.Release|x86.Build.0 = Release|Any CPU
	EndGlobalSection
	GlobalSection(SolutionProperties) = preSolution
		HideSolutionNode = FALSE
	EndGlobalSection
	GlobalSection(NestedProjects) = preSolution
		{64425601-EF61-413F-81B5-AE538D630009} = {6055CEFB-2A8B-45E3-B6D7-B9DB2A4FE612}
		{31C63724-B173-480B-BD3F-ACE0D3EC6402} = {6055CEFB-2A8B-45E3-B6D7-B9DB2A4FE612}
		{C2BCEE91-D877-4289-938A-2346F050B2EA} = {6055CEFB-2A8B-45E3-B6D7-B9DB2A4FE612}
		{C2603F6B-0D06-4A31-96B2-54D05A168C46} = {6055CEFB-2A8B-45E3-B6D7-B9DB2A4FE612}
		{896768DC-DD36-4919-B51F-F717AF98D499} = {6055CEFB-2A8B-45E3-B6D7-B9DB2A4FE612}
		{50701253-4BE7-4643-AEC0-12409D909911} = {6055CEFB-2A8B-45E3-B6D7-B9DB2A4FE612}
		{73E56A5D-5994-46A7-B9B6-C5597285A03F} = {6055CEFB-2A8B-45E3-B6D7-B9DB2A4FE612}
		{8544F75A-BA49-4A13-91E7-90077786CE32} = {6055CEFB-2A8B-45E3-B6D7-B9DB2A4FE612}
		{5DAA1823-38CC-4595-BBEF-2FB467EABD83} = {6055CEFB-2A8B-45E3-B6D7-B9DB2A4FE612}
		{ABB37C29-C44B-4ABB-9E2D-963472E1B08B} = {6055CEFB-2A8B-45E3-B6D7-B9DB2A4FE612}
		{901D8292-D6E1-472D-A413-91C599D823F2} = {6055CEFB-2A8B-45E3-B6D7-B9DB2A4FE612}
		{FEDAC8AF-2D01-4C3A-837A-01C58A14523D} = {8C4E7D04-65AF-421E-9432-7741ADAF4714}
		{A72E448C-75FE-47A6-9D04-9D3541325C5E} = {8C4E7D04-65AF-421E-9432-7741ADAF4714}
		{1AD9D659-A39C-4333-90D2-C4D53D34828E} = {8C4E7D04-65AF-421E-9432-7741ADAF4714}
		{EB4B0183-5FF4-4CD3-86D8-5A89C492DBA3} = {8C4E7D04-65AF-421E-9432-7741ADAF4714}
		{18234E6C-1262-4F2B-BD55-C081450F8D5E} = {8C4E7D04-65AF-421E-9432-7741ADAF4714}
	EndGlobalSection
EndGlobal
