
Microsoft Visual Studio Solution File, Format Version 12.00
# Visual Studio Version 16
VisualStudioVersion = 16.0.29102.190
MinimumVisualStudioVersion = 10.0.40219.1
Project("{2150E333-8FDC-42A3-9474-1A3956D46DE8}") = "src", "src", "{6055CEFB-2A8B-45E3-B6D7-B9DB2A4FE612}"
EndProject
Project("{2150E333-8FDC-42A3-9474-1A3956D46DE8}") = "tests", "tests", "{8C4E7D04-65AF-421E-9432-7741ADAF4714}"
EndProject
Project("{9A19103F-16F7-4668-BE54-9A1E7A4F7556}") = "WarHub.ArmouryModel.Source", "src\WarHub.ArmouryModel.Source\WarHub.ArmouryModel.Source.csproj", "{85C55E49-74C0-457E-8846-619C84D987F0}"
EndProject
Project("{9A19103F-16F7-4668-BE54-9A1E7A4F7556}") = "WarHub.ArmouryModel.Source.CodeGeneration", "src\WarHub.ArmouryModel.Source.CodeGeneration\WarHub.ArmouryModel.Source.CodeGeneration.csproj", "{76E9054D-7314-40CA-B78E-50451CB3A0EC}"
EndProject
Project("{9A19103F-16F7-4668-BE54-9A1E7A4F7556}") = "WarHub.ArmouryModel.Source.CodeGeneration.Tests", "tests\WarHub.ArmouryModel.Source.CodeGeneration.Tests\WarHub.ArmouryModel.Source.CodeGeneration.Tests.csproj", "{A753388F-6BE5-4E33-A999-6461C2BC404E}"
EndProject
Project("{9A19103F-16F7-4668-BE54-9A1E7A4F7556}") = "WarHub.ArmouryModel.Source.CodeGeneration.Tests.GeneratedCode", "tests\WarHub.ArmouryModel.Source.CodeGeneration.Tests.GeneratedCode\WarHub.ArmouryModel.Source.CodeGeneration.Tests.GeneratedCode.csproj", "{180BDDA3-7342-4A75-B304-EFD839ECA320}"
EndProject
Project("{9A19103F-16F7-4668-BE54-9A1E7A4F7556}") = "WarHub.ArmouryModel.Source.BattleScribe", "src\WarHub.ArmouryModel.Source.BattleScribe\WarHub.ArmouryModel.Source.BattleScribe.csproj", "{016C3EC2-9698-48C8-925B-A89E81F7B53C}"
EndProject
Project("{9A19103F-16F7-4668-BE54-9A1E7A4F7556}") = "WarHub.ArmouryModel.Source.BattleScribe.Tests", "tests\WarHub.ArmouryModel.Source.BattleScribe.Tests\WarHub.ArmouryModel.Source.BattleScribe.Tests.csproj", "{F69E49A4-C234-4438-B98E-A0C4B71FA914}"
EndProject
Project("{9A19103F-16F7-4668-BE54-9A1E7A4F7556}") = "WarHub.ArmouryModel.Workspaces.BattleScribe", "src\WarHub.ArmouryModel.Workspaces.BattleScribe\WarHub.ArmouryModel.Workspaces.BattleScribe.csproj", "{799D6CEC-4827-4CC5-830C-38EC02DFCCC3}"
EndProject
Project("{9A19103F-16F7-4668-BE54-9A1E7A4F7556}") = "WarHub.ArmouryModel.CliTool", "src\WarHub.ArmouryModel.CliTool\WarHub.ArmouryModel.CliTool.csproj", "{674F56C5-F16F-4FE8-91E2-AA3B429BEDC4}"
EndProject
Project("{9A19103F-16F7-4668-BE54-9A1E7A4F7556}") = "WarHub.ArmouryModel.Workspaces.BattleScribe.Tests", "tests\WarHub.ArmouryModel.Workspaces.BattleScribe.Tests\WarHub.ArmouryModel.Workspaces.BattleScribe.Tests.csproj", "{ABCE1A3E-1289-4AAE-A4FE-CEF9D2A8332D}"
EndProject
Project("{9A19103F-16F7-4668-BE54-9A1E7A4F7556}") = "WarHub.ArmouryModel.ProjectModel", "src\WarHub.ArmouryModel.ProjectModel\WarHub.ArmouryModel.ProjectModel.csproj", "{24081E12-9A56-4FFE-AA56-88FF40BF7CFB}"
EndProject
Project("{2150E333-8FDC-42A3-9474-1A3956D46DE8}") = "Solution Items", "Solution Items", "{7FE22FE4-14D4-4179-9811-90E0A21F4000}"
	ProjectSection(SolutionItems) = preProject
		.editorconfig = .editorconfig
		.gitattributes = .gitattributes
		.gitignore = .gitignore
		azure-pipelines.yml = azure-pipelines.yml
		CHANGELOG.md = CHANGELOG.md
		Directory.Build.props = Directory.Build.props
		global.json = global.json
		LICENSE.md = LICENSE.md
		nuget.config = nuget.config
		Packages.props = Packages.props
		README.md = README.md
		version.json = version.json
	EndProjectSection
EndProject
Project("{9A19103F-16F7-4668-BE54-9A1E7A4F7556}") = "WarHub.ArmouryModel.Workspaces.Gitree", "src\WarHub.ArmouryModel.Workspaces.Gitree\WarHub.ArmouryModel.Workspaces.Gitree.csproj", "{D06E2A07-E93D-4AA2-858E-D2694F4DB94D}"
EndProject
Project("{9A19103F-16F7-4668-BE54-9A1E7A4F7556}") = "WarHub.ArmouryModel.Workspaces.Gitree.Tests", "tests\WarHub.ArmouryModel.Workspaces.Gitree.Tests\WarHub.ArmouryModel.Workspaces.Gitree.Tests.csproj", "{DEE04C3C-7A20-43F0-B289-6A0CB938DAB3}"
EndProject
Project("{9A19103F-16F7-4668-BE54-9A1E7A4F7556}") = "WarHub.ArmouryModel.Source.Tests", "tests\WarHub.ArmouryModel.Source.Tests\WarHub.ArmouryModel.Source.Tests.csproj", "{B8B445FE-6EA4-4378-9420-8E051C909D76}"
EndProject
Project("{9A19103F-16F7-4668-BE54-9A1E7A4F7556}") = "WarHub.ArmouryModel.CliTool.Tests", "tests\WarHub.ArmouryModel.CliTool.Tests\WarHub.ArmouryModel.CliTool.Tests.csproj", "{9570B242-401D-4875-BB21-53A67231B5E4}"
EndProject
Global
	GlobalSection(SolutionConfigurationPlatforms) = preSolution
		Debug|Any CPU = Debug|Any CPU
		Release|Any CPU = Release|Any CPU
	EndGlobalSection
	GlobalSection(ProjectConfigurationPlatforms) = postSolution
		{85C55E49-74C0-457E-8846-619C84D987F0}.Debug|Any CPU.ActiveCfg = Debug|Any CPU
		{85C55E49-74C0-457E-8846-619C84D987F0}.Debug|Any CPU.Build.0 = Debug|Any CPU
		{85C55E49-74C0-457E-8846-619C84D987F0}.Release|Any CPU.ActiveCfg = Release|Any CPU
		{85C55E49-74C0-457E-8846-619C84D987F0}.Release|Any CPU.Build.0 = Release|Any CPU
		{76E9054D-7314-40CA-B78E-50451CB3A0EC}.Debug|Any CPU.ActiveCfg = Debug|Any CPU
		{76E9054D-7314-40CA-B78E-50451CB3A0EC}.Debug|Any CPU.Build.0 = Debug|Any CPU
		{76E9054D-7314-40CA-B78E-50451CB3A0EC}.Release|Any CPU.ActiveCfg = Release|Any CPU
		{76E9054D-7314-40CA-B78E-50451CB3A0EC}.Release|Any CPU.Build.0 = Release|Any CPU
		{A753388F-6BE5-4E33-A999-6461C2BC404E}.Debug|Any CPU.ActiveCfg = Debug|Any CPU
		{A753388F-6BE5-4E33-A999-6461C2BC404E}.Debug|Any CPU.Build.0 = Debug|Any CPU
		{A753388F-6BE5-4E33-A999-6461C2BC404E}.Release|Any CPU.ActiveCfg = Release|Any CPU
		{A753388F-6BE5-4E33-A999-6461C2BC404E}.Release|Any CPU.Build.0 = Release|Any CPU
		{180BDDA3-7342-4A75-B304-EFD839ECA320}.Debug|Any CPU.ActiveCfg = Debug|Any CPU
		{180BDDA3-7342-4A75-B304-EFD839ECA320}.Debug|Any CPU.Build.0 = Debug|Any CPU
		{180BDDA3-7342-4A75-B304-EFD839ECA320}.Release|Any CPU.ActiveCfg = Release|Any CPU
		{180BDDA3-7342-4A75-B304-EFD839ECA320}.Release|Any CPU.Build.0 = Release|Any CPU
		{016C3EC2-9698-48C8-925B-A89E81F7B53C}.Debug|Any CPU.ActiveCfg = Debug|Any CPU
		{016C3EC2-9698-48C8-925B-A89E81F7B53C}.Debug|Any CPU.Build.0 = Debug|Any CPU
		{016C3EC2-9698-48C8-925B-A89E81F7B53C}.Release|Any CPU.ActiveCfg = Release|Any CPU
		{016C3EC2-9698-48C8-925B-A89E81F7B53C}.Release|Any CPU.Build.0 = Release|Any CPU
		{F69E49A4-C234-4438-B98E-A0C4B71FA914}.Debug|Any CPU.ActiveCfg = Debug|Any CPU
		{F69E49A4-C234-4438-B98E-A0C4B71FA914}.Debug|Any CPU.Build.0 = Debug|Any CPU
		{F69E49A4-C234-4438-B98E-A0C4B71FA914}.Release|Any CPU.ActiveCfg = Release|Any CPU
		{F69E49A4-C234-4438-B98E-A0C4B71FA914}.Release|Any CPU.Build.0 = Release|Any CPU
		{799D6CEC-4827-4CC5-830C-38EC02DFCCC3}.Debug|Any CPU.ActiveCfg = Debug|Any CPU
		{799D6CEC-4827-4CC5-830C-38EC02DFCCC3}.Debug|Any CPU.Build.0 = Debug|Any CPU
		{799D6CEC-4827-4CC5-830C-38EC02DFCCC3}.Release|Any CPU.ActiveCfg = Release|Any CPU
		{799D6CEC-4827-4CC5-830C-38EC02DFCCC3}.Release|Any CPU.Build.0 = Release|Any CPU
		{674F56C5-F16F-4FE8-91E2-AA3B429BEDC4}.Debug|Any CPU.ActiveCfg = Debug|Any CPU
		{674F56C5-F16F-4FE8-91E2-AA3B429BEDC4}.Debug|Any CPU.Build.0 = Debug|Any CPU
		{674F56C5-F16F-4FE8-91E2-AA3B429BEDC4}.Release|Any CPU.ActiveCfg = Release|Any CPU
		{674F56C5-F16F-4FE8-91E2-AA3B429BEDC4}.Release|Any CPU.Build.0 = Release|Any CPU
		{ABCE1A3E-1289-4AAE-A4FE-CEF9D2A8332D}.Debug|Any CPU.ActiveCfg = Debug|Any CPU
		{ABCE1A3E-1289-4AAE-A4FE-CEF9D2A8332D}.Debug|Any CPU.Build.0 = Debug|Any CPU
		{ABCE1A3E-1289-4AAE-A4FE-CEF9D2A8332D}.Release|Any CPU.ActiveCfg = Release|Any CPU
		{ABCE1A3E-1289-4AAE-A4FE-CEF9D2A8332D}.Release|Any CPU.Build.0 = Release|Any CPU
		{24081E12-9A56-4FFE-AA56-88FF40BF7CFB}.Debug|Any CPU.ActiveCfg = Debug|Any CPU
		{24081E12-9A56-4FFE-AA56-88FF40BF7CFB}.Debug|Any CPU.Build.0 = Debug|Any CPU
		{24081E12-9A56-4FFE-AA56-88FF40BF7CFB}.Release|Any CPU.ActiveCfg = Release|Any CPU
		{24081E12-9A56-4FFE-AA56-88FF40BF7CFB}.Release|Any CPU.Build.0 = Release|Any CPU
		{D06E2A07-E93D-4AA2-858E-D2694F4DB94D}.Debug|Any CPU.ActiveCfg = Debug|Any CPU
		{D06E2A07-E93D-4AA2-858E-D2694F4DB94D}.Debug|Any CPU.Build.0 = Debug|Any CPU
		{D06E2A07-E93D-4AA2-858E-D2694F4DB94D}.Release|Any CPU.ActiveCfg = Release|Any CPU
		{D06E2A07-E93D-4AA2-858E-D2694F4DB94D}.Release|Any CPU.Build.0 = Release|Any CPU
		{DEE04C3C-7A20-43F0-B289-6A0CB938DAB3}.Debug|Any CPU.ActiveCfg = Debug|Any CPU
		{DEE04C3C-7A20-43F0-B289-6A0CB938DAB3}.Debug|Any CPU.Build.0 = Debug|Any CPU
		{DEE04C3C-7A20-43F0-B289-6A0CB938DAB3}.Release|Any CPU.ActiveCfg = Release|Any CPU
		{DEE04C3C-7A20-43F0-B289-6A0CB938DAB3}.Release|Any CPU.Build.0 = Release|Any CPU
		{B8B445FE-6EA4-4378-9420-8E051C909D76}.Debug|Any CPU.ActiveCfg = Debug|Any CPU
		{B8B445FE-6EA4-4378-9420-8E051C909D76}.Debug|Any CPU.Build.0 = Debug|Any CPU
		{B8B445FE-6EA4-4378-9420-8E051C909D76}.Release|Any CPU.ActiveCfg = Release|Any CPU
		{B8B445FE-6EA4-4378-9420-8E051C909D76}.Release|Any CPU.Build.0 = Release|Any CPU
		{9570B242-401D-4875-BB21-53A67231B5E4}.Debug|Any CPU.ActiveCfg = Debug|Any CPU
		{9570B242-401D-4875-BB21-53A67231B5E4}.Debug|Any CPU.Build.0 = Debug|Any CPU
		{9570B242-401D-4875-BB21-53A67231B5E4}.Release|Any CPU.ActiveCfg = Release|Any CPU
		{9570B242-401D-4875-BB21-53A67231B5E4}.Release|Any CPU.Build.0 = Release|Any CPU
	EndGlobalSection
	GlobalSection(SolutionProperties) = preSolution
		HideSolutionNode = FALSE
	EndGlobalSection
	GlobalSection(NestedProjects) = preSolution
		{85C55E49-74C0-457E-8846-619C84D987F0} = {6055CEFB-2A8B-45E3-B6D7-B9DB2A4FE612}
		{76E9054D-7314-40CA-B78E-50451CB3A0EC} = {6055CEFB-2A8B-45E3-B6D7-B9DB2A4FE612}
		{A753388F-6BE5-4E33-A999-6461C2BC404E} = {8C4E7D04-65AF-421E-9432-7741ADAF4714}
		{180BDDA3-7342-4A75-B304-EFD839ECA320} = {8C4E7D04-65AF-421E-9432-7741ADAF4714}
		{016C3EC2-9698-48C8-925B-A89E81F7B53C} = {6055CEFB-2A8B-45E3-B6D7-B9DB2A4FE612}
		{F69E49A4-C234-4438-B98E-A0C4B71FA914} = {8C4E7D04-65AF-421E-9432-7741ADAF4714}
		{799D6CEC-4827-4CC5-830C-38EC02DFCCC3} = {6055CEFB-2A8B-45E3-B6D7-B9DB2A4FE612}
		{674F56C5-F16F-4FE8-91E2-AA3B429BEDC4} = {6055CEFB-2A8B-45E3-B6D7-B9DB2A4FE612}
		{ABCE1A3E-1289-4AAE-A4FE-CEF9D2A8332D} = {8C4E7D04-65AF-421E-9432-7741ADAF4714}
		{24081E12-9A56-4FFE-AA56-88FF40BF7CFB} = {6055CEFB-2A8B-45E3-B6D7-B9DB2A4FE612}
		{D06E2A07-E93D-4AA2-858E-D2694F4DB94D} = {6055CEFB-2A8B-45E3-B6D7-B9DB2A4FE612}
		{DEE04C3C-7A20-43F0-B289-6A0CB938DAB3} = {8C4E7D04-65AF-421E-9432-7741ADAF4714}
		{B8B445FE-6EA4-4378-9420-8E051C909D76} = {8C4E7D04-65AF-421E-9432-7741ADAF4714}
		{9570B242-401D-4875-BB21-53A67231B5E4} = {8C4E7D04-65AF-421E-9432-7741ADAF4714}
	EndGlobalSection
	GlobalSection(ExtensibilityGlobals) = postSolution
		SolutionGuid = {DAF2775E-5311-44A8-B7CB-F4A55225705A}
	EndGlobalSection
EndGlobal
