
Microsoft Visual Studio Solution File, Format Version 12.00
# Visual Studio 15
VisualStudioVersion = 15.0.26228.4
MinimumVisualStudioVersion = 10.0.40219.1
Project("{2150E333-8FDC-42A3-9474-1A3956D46DE8}") = "src", "src", "{6055CEFB-2A8B-45E3-B6D7-B9DB2A4FE612}"
EndProject
Project("{2150E333-8FDC-42A3-9474-1A3956D46DE8}") = "tests", "tests", "{8C4E7D04-65AF-421E-9432-7741ADAF4714}"
EndProject
Project("{9A19103F-16F7-4668-BE54-9A1E7A4F7556}") = "WarHub.Armoury.Model", "src\WarHub.Armoury.Model\WarHub.Armoury.Model.csproj", "{64425601-EF61-413F-81B5-AE538D630009}"
EndProject
Project("{9A19103F-16F7-4668-BE54-9A1E7A4F7556}") = "WarHub.Armoury.Model.BattleScribeXml", "src\WarHub.Armoury.Model.BattleScribeXml\WarHub.Armoury.Model.BattleScribeXml.csproj", "{31C63724-B173-480B-BD3F-ACE0D3EC6402}"
EndProject
Project("{9A19103F-16F7-4668-BE54-9A1E7A4F7556}") = "WarHub.Armoury.Model.BattleScribe.Files", "src\WarHub.Armoury.Model.BattleScribe.Files\WarHub.Armoury.Model.BattleScribe.Files.csproj", "{C2603F6B-0D06-4A31-96B2-54D05A168C46}"
EndProject
Project("{9A19103F-16F7-4668-BE54-9A1E7A4F7556}") = "WarHub.Armoury.Model.EntryTree", "src\WarHub.Armoury.Model.EntryTree\WarHub.Armoury.Model.EntryTree.csproj", "{896768DC-DD36-4919-B51F-F717AF98D499}"
EndProject
Project("{9A19103F-16F7-4668-BE54-9A1E7A4F7556}") = "WarHub.Armoury.Model.DataAccess", "src\WarHub.Armoury.Model.DataAccess\WarHub.Armoury.Model.DataAccess.csproj", "{ABB37C29-C44B-4ABB-9E2D-963472E1B08B}"
EndProject
Project("{9A19103F-16F7-4668-BE54-9A1E7A4F7556}") = "WarHub.Armoury.Model.DataAccess.Autofac", "src\WarHub.Armoury.Model.DataAccess.Autofac\WarHub.Armoury.Model.DataAccess.Autofac.csproj", "{901D8292-D6E1-472D-A413-91C599D823F2}"
EndProject
Project("{9A19103F-16F7-4668-BE54-9A1E7A4F7556}") = "WarHub.Armoury.Model.BattleScribe.FilesTests", "tests\WarHub.Armoury.Model.BattleScribe.FilesTests\WarHub.Armoury.Model.BattleScribe.FilesTests.csproj", "{FEDAC8AF-2D01-4C3A-837A-01C58A14523D}"
EndProject
Project("{9A19103F-16F7-4668-BE54-9A1E7A4F7556}") = "WarHub.Armoury.Model.BattleScribeXmlTests", "tests\WarHub.Armoury.Model.BattleScribeXmlTests\WarHub.Armoury.Model.BattleScribeXmlTests.csproj", "{1AD9D659-A39C-4333-90D2-C4D53D34828E}"
EndProject
Project("{9A19103F-16F7-4668-BE54-9A1E7A4F7556}") = "WarHub.Armoury.Model.EntryTreeTests", "tests\WarHub.Armoury.Model.EntryTreeTests\WarHub.Armoury.Model.EntryTreeTests.csproj", "{18234E6C-1262-4F2B-BD55-C081450F8D5E}"
EndProject
Project("{9A19103F-16F7-4668-BE54-9A1E7A4F7556}") = "WarHub.Armoury.Model.Source", "src\WarHub.Armoury.Model.Source\WarHub.Armoury.Model.Source.csproj", "{B3B0A8B2-BB2F-4CED-A26C-FE0E02EC0D12}"
EndProject
Global
	GlobalSection(SolutionConfigurationPlatforms) = preSolution
		Debug|Any CPU = Debug|Any CPU
		Debug|ARM = Debug|ARM
		Debug|x64 = Debug|x64
		Debug|x86 = Debug|x86
		Release|Any CPU = Release|Any CPU
		Release|ARM = Release|ARM
		Release|x64 = Release|x64
		Release|x86 = Release|x86
	EndGlobalSection
	GlobalSection(ProjectConfigurationPlatforms) = postSolution
		{64425601-EF61-413F-81B5-AE538D630009}.Debug|Any CPU.ActiveCfg = Debug|Any CPU
		{64425601-EF61-413F-81B5-AE538D630009}.Debug|Any CPU.Build.0 = Debug|Any CPU
		{64425601-EF61-413F-81B5-AE538D630009}.Debug|ARM.ActiveCfg = Debug|Any CPU
		{64425601-EF61-413F-81B5-AE538D630009}.Debug|ARM.Build.0 = Debug|Any CPU
		{64425601-EF61-413F-81B5-AE538D630009}.Debug|x64.ActiveCfg = Debug|Any CPU
		{64425601-EF61-413F-81B5-AE538D630009}.Debug|x64.Build.0 = Debug|Any CPU
		{64425601-EF61-413F-81B5-AE538D630009}.Debug|x86.ActiveCfg = Debug|Any CPU
		{64425601-EF61-413F-81B5-AE538D630009}.Debug|x86.Build.0 = Debug|Any CPU
		{64425601-EF61-413F-81B5-AE538D630009}.Release|Any CPU.ActiveCfg = Release|Any CPU
		{64425601-EF61-413F-81B5-AE538D630009}.Release|Any CPU.Build.0 = Release|Any CPU
		{64425601-EF61-413F-81B5-AE538D630009}.Release|ARM.ActiveCfg = Release|Any CPU
		{64425601-EF61-413F-81B5-AE538D630009}.Release|ARM.Build.0 = Release|Any CPU
		{64425601-EF61-413F-81B5-AE538D630009}.Release|x64.ActiveCfg = Release|Any CPU
		{64425601-EF61-413F-81B5-AE538D630009}.Release|x64.Build.0 = Release|Any CPU
		{64425601-EF61-413F-81B5-AE538D630009}.Release|x86.ActiveCfg = Release|Any CPU
		{64425601-EF61-413F-81B5-AE538D630009}.Release|x86.Build.0 = Release|Any CPU
		{31C63724-B173-480B-BD3F-ACE0D3EC6402}.Debug|Any CPU.ActiveCfg = Debug|Any CPU
		{31C63724-B173-480B-BD3F-ACE0D3EC6402}.Debug|Any CPU.Build.0 = Debug|Any CPU
		{31C63724-B173-480B-BD3F-ACE0D3EC6402}.Debug|ARM.ActiveCfg = Debug|Any CPU
		{31C63724-B173-480B-BD3F-ACE0D3EC6402}.Debug|ARM.Build.0 = Debug|Any CPU
		{31C63724-B173-480B-BD3F-ACE0D3EC6402}.Debug|x64.ActiveCfg = Debug|Any CPU
		{31C63724-B173-480B-BD3F-ACE0D3EC6402}.Debug|x64.Build.0 = Debug|Any CPU
		{31C63724-B173-480B-BD3F-ACE0D3EC6402}.Debug|x86.ActiveCfg = Debug|Any CPU
		{31C63724-B173-480B-BD3F-ACE0D3EC6402}.Debug|x86.Build.0 = Debug|Any CPU
		{31C63724-B173-480B-BD3F-ACE0D3EC6402}.Release|Any CPU.ActiveCfg = Release|Any CPU
		{31C63724-B173-480B-BD3F-ACE0D3EC6402}.Release|Any CPU.Build.0 = Release|Any CPU
		{31C63724-B173-480B-BD3F-ACE0D3EC6402}.Release|ARM.ActiveCfg = Release|Any CPU
		{31C63724-B173-480B-BD3F-ACE0D3EC6402}.Release|ARM.Build.0 = Release|Any CPU
		{31C63724-B173-480B-BD3F-ACE0D3EC6402}.Release|x64.ActiveCfg = Release|Any CPU
		{31C63724-B173-480B-BD3F-ACE0D3EC6402}.Release|x64.Build.0 = Release|Any CPU
		{31C63724-B173-480B-BD3F-ACE0D3EC6402}.Release|x86.ActiveCfg = Release|Any CPU
		{31C63724-B173-480B-BD3F-ACE0D3EC6402}.Release|x86.Build.0 = Release|Any CPU
		{C2603F6B-0D06-4A31-96B2-54D05A168C46}.Debug|Any CPU.ActiveCfg = Debug|Any CPU
		{C2603F6B-0D06-4A31-96B2-54D05A168C46}.Debug|Any CPU.Build.0 = Debug|Any CPU
		{C2603F6B-0D06-4A31-96B2-54D05A168C46}.Debug|ARM.ActiveCfg = Debug|Any CPU
		{C2603F6B-0D06-4A31-96B2-54D05A168C46}.Debug|ARM.Build.0 = Debug|Any CPU
		{C2603F6B-0D06-4A31-96B2-54D05A168C46}.Debug|x64.ActiveCfg = Debug|Any CPU
		{C2603F6B-0D06-4A31-96B2-54D05A168C46}.Debug|x64.Build.0 = Debug|Any CPU
		{C2603F6B-0D06-4A31-96B2-54D05A168C46}.Debug|x86.ActiveCfg = Debug|Any CPU
		{C2603F6B-0D06-4A31-96B2-54D05A168C46}.Debug|x86.Build.0 = Debug|Any CPU
		{C2603F6B-0D06-4A31-96B2-54D05A168C46}.Release|Any CPU.ActiveCfg = Release|Any CPU
		{C2603F6B-0D06-4A31-96B2-54D05A168C46}.Release|Any CPU.Build.0 = Release|Any CPU
		{C2603F6B-0D06-4A31-96B2-54D05A168C46}.Release|ARM.ActiveCfg = Release|Any CPU
		{C2603F6B-0D06-4A31-96B2-54D05A168C46}.Release|ARM.Build.0 = Release|Any CPU
		{C2603F6B-0D06-4A31-96B2-54D05A168C46}.Release|x64.ActiveCfg = Release|Any CPU
		{C2603F6B-0D06-4A31-96B2-54D05A168C46}.Release|x64.Build.0 = Release|Any CPU
		{C2603F6B-0D06-4A31-96B2-54D05A168C46}.Release|x86.ActiveCfg = Release|Any CPU
		{C2603F6B-0D06-4A31-96B2-54D05A168C46}.Release|x86.Build.0 = Release|Any CPU
		{896768DC-DD36-4919-B51F-F717AF98D499}.Debug|Any CPU.ActiveCfg = Debug|Any CPU
		{896768DC-DD36-4919-B51F-F717AF98D499}.Debug|Any CPU.Build.0 = Debug|Any CPU
		{896768DC-DD36-4919-B51F-F717AF98D499}.Debug|ARM.ActiveCfg = Debug|Any CPU
		{896768DC-DD36-4919-B51F-F717AF98D499}.Debug|ARM.Build.0 = Debug|Any CPU
		{896768DC-DD36-4919-B51F-F717AF98D499}.Debug|x64.ActiveCfg = Debug|Any CPU
		{896768DC-DD36-4919-B51F-F717AF98D499}.Debug|x64.Build.0 = Debug|Any CPU
		{896768DC-DD36-4919-B51F-F717AF98D499}.Debug|x86.ActiveCfg = Debug|Any CPU
		{896768DC-DD36-4919-B51F-F717AF98D499}.Debug|x86.Build.0 = Debug|Any CPU
		{896768DC-DD36-4919-B51F-F717AF98D499}.Release|Any CPU.ActiveCfg = Release|Any CPU
		{896768DC-DD36-4919-B51F-F717AF98D499}.Release|Any CPU.Build.0 = Release|Any CPU
		{896768DC-DD36-4919-B51F-F717AF98D499}.Release|ARM.ActiveCfg = Release|Any CPU
		{896768DC-DD36-4919-B51F-F717AF98D499}.Release|ARM.Build.0 = Release|Any CPU
		{896768DC-DD36-4919-B51F-F717AF98D499}.Release|x64.ActiveCfg = Release|Any CPU
		{896768DC-DD36-4919-B51F-F717AF98D499}.Release|x64.Build.0 = Release|Any CPU
		{896768DC-DD36-4919-B51F-F717AF98D499}.Release|x86.ActiveCfg = Release|Any CPU
		{896768DC-DD36-4919-B51F-F717AF98D499}.Release|x86.Build.0 = Release|Any CPU
		{ABB37C29-C44B-4ABB-9E2D-963472E1B08B}.Debug|Any CPU.ActiveCfg = Debug|Any CPU
		{ABB37C29-C44B-4ABB-9E2D-963472E1B08B}.Debug|Any CPU.Build.0 = Debug|Any CPU
		{ABB37C29-C44B-4ABB-9E2D-963472E1B08B}.Debug|ARM.ActiveCfg = Debug|Any CPU
		{ABB37C29-C44B-4ABB-9E2D-963472E1B08B}.Debug|ARM.Build.0 = Debug|Any CPU
		{ABB37C29-C44B-4ABB-9E2D-963472E1B08B}.Debug|x64.ActiveCfg = Debug|Any CPU
		{ABB37C29-C44B-4ABB-9E2D-963472E1B08B}.Debug|x64.Build.0 = Debug|Any CPU
		{ABB37C29-C44B-4ABB-9E2D-963472E1B08B}.Debug|x86.ActiveCfg = Debug|Any CPU
		{ABB37C29-C44B-4ABB-9E2D-963472E1B08B}.Debug|x86.Build.0 = Debug|Any CPU
		{ABB37C29-C44B-4ABB-9E2D-963472E1B08B}.Release|Any CPU.ActiveCfg = Release|Any CPU
		{ABB37C29-C44B-4ABB-9E2D-963472E1B08B}.Release|Any CPU.Build.0 = Release|Any CPU
		{ABB37C29-C44B-4ABB-9E2D-963472E1B08B}.Release|ARM.ActiveCfg = Release|Any CPU
		{ABB37C29-C44B-4ABB-9E2D-963472E1B08B}.Release|ARM.Build.0 = Release|Any CPU
		{ABB37C29-C44B-4ABB-9E2D-963472E1B08B}.Release|x64.ActiveCfg = Release|Any CPU
		{ABB37C29-C44B-4ABB-9E2D-963472E1B08B}.Release|x64.Build.0 = Release|Any CPU
		{ABB37C29-C44B-4ABB-9E2D-963472E1B08B}.Release|x86.ActiveCfg = Release|Any CPU
		{ABB37C29-C44B-4ABB-9E2D-963472E1B08B}.Release|x86.Build.0 = Release|Any CPU
		{901D8292-D6E1-472D-A413-91C599D823F2}.Debug|Any CPU.ActiveCfg = Debug|Any CPU
		{901D8292-D6E1-472D-A413-91C599D823F2}.Debug|Any CPU.Build.0 = Debug|Any CPU
		{901D8292-D6E1-472D-A413-91C599D823F2}.Debug|ARM.ActiveCfg = Debug|Any CPU
		{901D8292-D6E1-472D-A413-91C599D823F2}.Debug|ARM.Build.0 = Debug|Any CPU
		{901D8292-D6E1-472D-A413-91C599D823F2}.Debug|x64.ActiveCfg = Debug|Any CPU
		{901D8292-D6E1-472D-A413-91C599D823F2}.Debug|x64.Build.0 = Debug|Any CPU
		{901D8292-D6E1-472D-A413-91C599D823F2}.Debug|x86.ActiveCfg = Debug|Any CPU
		{901D8292-D6E1-472D-A413-91C599D823F2}.Debug|x86.Build.0 = Debug|Any CPU
		{901D8292-D6E1-472D-A413-91C599D823F2}.Release|Any CPU.ActiveCfg = Release|Any CPU
		{901D8292-D6E1-472D-A413-91C599D823F2}.Release|Any CPU.Build.0 = Release|Any CPU
		{901D8292-D6E1-472D-A413-91C599D823F2}.Release|ARM.ActiveCfg = Release|Any CPU
		{901D8292-D6E1-472D-A413-91C599D823F2}.Release|ARM.Build.0 = Release|Any CPU
		{901D8292-D6E1-472D-A413-91C599D823F2}.Release|x64.ActiveCfg = Release|Any CPU
		{901D8292-D6E1-472D-A413-91C599D823F2}.Release|x64.Build.0 = Release|Any CPU
		{901D8292-D6E1-472D-A413-91C599D823F2}.Release|x86.ActiveCfg = Release|Any CPU
		{901D8292-D6E1-472D-A413-91C599D823F2}.Release|x86.Build.0 = Release|Any CPU
		{FEDAC8AF-2D01-4C3A-837A-01C58A14523D}.Debug|Any CPU.ActiveCfg = Debug|Any CPU
		{FEDAC8AF-2D01-4C3A-837A-01C58A14523D}.Debug|Any CPU.Build.0 = Debug|Any CPU
		{FEDAC8AF-2D01-4C3A-837A-01C58A14523D}.Debug|ARM.ActiveCfg = Debug|Any CPU
		{FEDAC8AF-2D01-4C3A-837A-01C58A14523D}.Debug|ARM.Build.0 = Debug|Any CPU
		{FEDAC8AF-2D01-4C3A-837A-01C58A14523D}.Debug|x64.ActiveCfg = Debug|Any CPU
		{FEDAC8AF-2D01-4C3A-837A-01C58A14523D}.Debug|x64.Build.0 = Debug|Any CPU
		{FEDAC8AF-2D01-4C3A-837A-01C58A14523D}.Debug|x86.ActiveCfg = Debug|Any CPU
		{FEDAC8AF-2D01-4C3A-837A-01C58A14523D}.Debug|x86.Build.0 = Debug|Any CPU
		{FEDAC8AF-2D01-4C3A-837A-01C58A14523D}.Release|Any CPU.ActiveCfg = Release|Any CPU
		{FEDAC8AF-2D01-4C3A-837A-01C58A14523D}.Release|Any CPU.Build.0 = Release|Any CPU
		{FEDAC8AF-2D01-4C3A-837A-01C58A14523D}.Release|ARM.ActiveCfg = Release|Any CPU
		{FEDAC8AF-2D01-4C3A-837A-01C58A14523D}.Release|ARM.Build.0 = Release|Any CPU
		{FEDAC8AF-2D01-4C3A-837A-01C58A14523D}.Release|x64.ActiveCfg = Release|Any CPU
		{FEDAC8AF-2D01-4C3A-837A-01C58A14523D}.Release|x64.Build.0 = Release|Any CPU
		{FEDAC8AF-2D01-4C3A-837A-01C58A14523D}.Release|x86.ActiveCfg = Release|Any CPU
		{FEDAC8AF-2D01-4C3A-837A-01C58A14523D}.Release|x86.Build.0 = Release|Any CPU
		{1AD9D659-A39C-4333-90D2-C4D53D34828E}.Debug|Any CPU.ActiveCfg = Debug|Any CPU
		{1AD9D659-A39C-4333-90D2-C4D53D34828E}.Debug|Any CPU.Build.0 = Debug|Any CPU
		{1AD9D659-A39C-4333-90D2-C4D53D34828E}.Debug|ARM.ActiveCfg = Debug|Any CPU
		{1AD9D659-A39C-4333-90D2-C4D53D34828E}.Debug|ARM.Build.0 = Debug|Any CPU
		{1AD9D659-A39C-4333-90D2-C4D53D34828E}.Debug|x64.ActiveCfg = Debug|Any CPU
		{1AD9D659-A39C-4333-90D2-C4D53D34828E}.Debug|x64.Build.0 = Debug|Any CPU
		{1AD9D659-A39C-4333-90D2-C4D53D34828E}.Debug|x86.ActiveCfg = Debug|Any CPU
		{1AD9D659-A39C-4333-90D2-C4D53D34828E}.Debug|x86.Build.0 = Debug|Any CPU
		{1AD9D659-A39C-4333-90D2-C4D53D34828E}.Release|Any CPU.ActiveCfg = Release|Any CPU
		{1AD9D659-A39C-4333-90D2-C4D53D34828E}.Release|Any CPU.Build.0 = Release|Any CPU
		{1AD9D659-A39C-4333-90D2-C4D53D34828E}.Release|ARM.ActiveCfg = Release|Any CPU
		{1AD9D659-A39C-4333-90D2-C4D53D34828E}.Release|ARM.Build.0 = Release|Any CPU
		{1AD9D659-A39C-4333-90D2-C4D53D34828E}.Release|x64.ActiveCfg = Release|Any CPU
		{1AD9D659-A39C-4333-90D2-C4D53D34828E}.Release|x64.Build.0 = Release|Any CPU
		{1AD9D659-A39C-4333-90D2-C4D53D34828E}.Release|x86.ActiveCfg = Release|Any CPU
		{1AD9D659-A39C-4333-90D2-C4D53D34828E}.Release|x86.Build.0 = Release|Any CPU
		{18234E6C-1262-4F2B-BD55-C081450F8D5E}.Debug|Any CPU.ActiveCfg = Debug|Any CPU
		{18234E6C-1262-4F2B-BD55-C081450F8D5E}.Debug|Any CPU.Build.0 = Debug|Any CPU
		{18234E6C-1262-4F2B-BD55-C081450F8D5E}.Debug|ARM.ActiveCfg = Debug|Any CPU
		{18234E6C-1262-4F2B-BD55-C081450F8D5E}.Debug|ARM.Build.0 = Debug|Any CPU
		{18234E6C-1262-4F2B-BD55-C081450F8D5E}.Debug|x64.ActiveCfg = Debug|Any CPU
		{18234E6C-1262-4F2B-BD55-C081450F8D5E}.Debug|x64.Build.0 = Debug|Any CPU
		{18234E6C-1262-4F2B-BD55-C081450F8D5E}.Debug|x86.ActiveCfg = Debug|Any CPU
		{18234E6C-1262-4F2B-BD55-C081450F8D5E}.Debug|x86.Build.0 = Debug|Any CPU
		{18234E6C-1262-4F2B-BD55-C081450F8D5E}.Release|Any CPU.ActiveCfg = Release|Any CPU
		{18234E6C-1262-4F2B-BD55-C081450F8D5E}.Release|Any CPU.Build.0 = Release|Any CPU
		{18234E6C-1262-4F2B-BD55-C081450F8D5E}.Release|ARM.ActiveCfg = Release|Any CPU
		{18234E6C-1262-4F2B-BD55-C081450F8D5E}.Release|ARM.Build.0 = Release|Any CPU
		{18234E6C-1262-4F2B-BD55-C081450F8D5E}.Release|x64.ActiveCfg = Release|Any CPU
		{18234E6C-1262-4F2B-BD55-C081450F8D5E}.Release|x64.Build.0 = Release|Any CPU
		{18234E6C-1262-4F2B-BD55-C081450F8D5E}.Release|x86.ActiveCfg = Release|Any CPU
		{18234E6C-1262-4F2B-BD55-C081450F8D5E}.Release|x86.Build.0 = Release|Any CPU
		{B3B0A8B2-BB2F-4CED-A26C-FE0E02EC0D12}.Debug|Any CPU.ActiveCfg = Debug|Any CPU
		{B3B0A8B2-BB2F-4CED-A26C-FE0E02EC0D12}.Debug|Any CPU.Build.0 = Debug|Any CPU
		{B3B0A8B2-BB2F-4CED-A26C-FE0E02EC0D12}.Debug|ARM.ActiveCfg = Debug|Any CPU
		{B3B0A8B2-BB2F-4CED-A26C-FE0E02EC0D12}.Debug|ARM.Build.0 = Debug|Any CPU
		{B3B0A8B2-BB2F-4CED-A26C-FE0E02EC0D12}.Debug|x64.ActiveCfg = Debug|Any CPU
		{B3B0A8B2-BB2F-4CED-A26C-FE0E02EC0D12}.Debug|x64.Build.0 = Debug|Any CPU
		{B3B0A8B2-BB2F-4CED-A26C-FE0E02EC0D12}.Debug|x86.ActiveCfg = Debug|Any CPU
		{B3B0A8B2-BB2F-4CED-A26C-FE0E02EC0D12}.Debug|x86.Build.0 = Debug|Any CPU
		{B3B0A8B2-BB2F-4CED-A26C-FE0E02EC0D12}.Release|Any CPU.ActiveCfg = Release|Any CPU
		{B3B0A8B2-BB2F-4CED-A26C-FE0E02EC0D12}.Release|Any CPU.Build.0 = Release|Any CPU
		{B3B0A8B2-BB2F-4CED-A26C-FE0E02EC0D12}.Release|ARM.ActiveCfg = Release|Any CPU
		{B3B0A8B2-BB2F-4CED-A26C-FE0E02EC0D12}.Release|ARM.Build.0 = Release|Any CPU
		{B3B0A8B2-BB2F-4CED-A26C-FE0E02EC0D12}.Release|x64.ActiveCfg = Release|Any CPU
		{B3B0A8B2-BB2F-4CED-A26C-FE0E02EC0D12}.Release|x64.Build.0 = Release|Any CPU
		{B3B0A8B2-BB2F-4CED-A26C-FE0E02EC0D12}.Release|x86.ActiveCfg = Release|Any CPU
		{B3B0A8B2-BB2F-4CED-A26C-FE0E02EC0D12}.Release|x86.Build.0 = Release|Any CPU
	EndGlobalSection
	GlobalSection(SolutionProperties) = preSolution
		HideSolutionNode = FALSE
	EndGlobalSection
	GlobalSection(NestedProjects) = preSolution
		{64425601-EF61-413F-81B5-AE538D630009} = {6055CEFB-2A8B-45E3-B6D7-B9DB2A4FE612}
		{31C63724-B173-480B-BD3F-ACE0D3EC6402} = {6055CEFB-2A8B-45E3-B6D7-B9DB2A4FE612}
		{C2603F6B-0D06-4A31-96B2-54D05A168C46} = {6055CEFB-2A8B-45E3-B6D7-B9DB2A4FE612}
		{896768DC-DD36-4919-B51F-F717AF98D499} = {6055CEFB-2A8B-45E3-B6D7-B9DB2A4FE612}
		{ABB37C29-C44B-4ABB-9E2D-963472E1B08B} = {6055CEFB-2A8B-45E3-B6D7-B9DB2A4FE612}
		{901D8292-D6E1-472D-A413-91C599D823F2} = {6055CEFB-2A8B-45E3-B6D7-B9DB2A4FE612}
		{FEDAC8AF-2D01-4C3A-837A-01C58A14523D} = {8C4E7D04-65AF-421E-9432-7741ADAF4714}
		{1AD9D659-A39C-4333-90D2-C4D53D34828E} = {8C4E7D04-65AF-421E-9432-7741ADAF4714}
		{18234E6C-1262-4F2B-BD55-C081450F8D5E} = {8C4E7D04-65AF-421E-9432-7741ADAF4714}
		{B3B0A8B2-BB2F-4CED-A26C-FE0E02EC0D12} = {6055CEFB-2A8B-45E3-B6D7-B9DB2A4FE612}
	EndGlobalSection
EndGlobal
